
Microsoft Visual Studio Solution File, Format Version 12.00
# Visual Studio 2013
VisualStudioVersion = 12.0.21005.1
MinimumVisualStudioVersion = 10.0.40219.1
Project("{FAE04EC0-301F-11D3-BF4B-00C04F79EFBC}") = "Downloader205", "Downloader205\Downloader205.csproj", "{F3E8E209-2235-4965-912A-0AEE0CE318A8}"
EndProject
Project("{FAE04EC0-301F-11D3-BF4B-00C04F79EFBC}") = "PreDownload", "PreDownload\PreDownload.csproj", "{5D1E8382-E961-48A2-A1A1-F31FFE679004}"
EndProject
Global
	GlobalSection(SolutionConfigurationPlatforms) = preSolution
		Debug|Any CPU = Debug|Any CPU
		Release|Any CPU = Release|Any CPU
	EndGlobalSection
	GlobalSection(ProjectConfigurationPlatforms) = postSolution
		{F3E8E209-2235-4965-912A-0AEE0CE318A8}.Debug|Any CPU.ActiveCfg = Debug|Any CPU
		{F3E8E209-2235-4965-912A-0AEE0CE318A8}.Debug|Any CPU.Build.0 = Debug|Any CPU
		{F3E8E209-2235-4965-912A-0AEE0CE318A8}.Release|Any CPU.ActiveCfg = Release|Any CPU
		{F3E8E209-2235-4965-912A-0AEE0CE318A8}.Release|Any CPU.Build.0 = Release|Any CPU
		{5D1E8382-E961-48A2-A1A1-F31FFE679004}.Debug|Any CPU.ActiveCfg = Debug|Any CPU
		{5D1E8382-E961-48A2-A1A1-F31FFE679004}.Debug|Any CPU.Build.0 = Debug|Any CPU
		{5D1E8382-E961-48A2-A1A1-F31FFE679004}.Release|Any CPU.ActiveCfg = Release|Any CPU
		{5D1E8382-E961-48A2-A1A1-F31FFE679004}.Release|Any CPU.Build.0 = Release|Any CPU
	EndGlobalSection
	GlobalSection(SolutionProperties) = preSolution
		HideSolutionNode = FALSE
	EndGlobalSection
EndGlobal
